
Microsoft Visual Studio Solution File, Format Version 12.00
# Visual Studio 2013
VisualStudioVersion = 12.0.30723.0
MinimumVisualStudioVersion = 10.0.40219.1
Project("{FAE04EC0-301F-11D3-BF4B-00C04F79EFBC}") = "BlingMe.Domain", "BlingMe.Domain\BlingMe.Domain.csproj", "{6CB4D106-BBE9-4D0D-8470-9572DA105BB4}"
EndProject
Project("{FAE04EC0-301F-11D3-BF4B-00C04F79EFBC}") = "BlingMe.Domain.EF", "BlingMe.Domain.EF\BlingMe.Domain.EF.csproj", "{8F0A72F0-13F1-4ECD-BF32-0FDD43C64CAB}"
EndProject
Project("{FAE04EC0-301F-11D3-BF4B-00C04F79EFBC}") = "BlingMe.Test", "BlingMe.Test\BlingMe.Test.csproj", "{1F549030-547B-4A8D-BC0A-57F1EE703C60}"
EndProject
Project("{FAE04EC0-301F-11D3-BF4B-00C04F79EFBC}") = "BlingMeMVC", "BlingMeMVC\BlingMeMVC.csproj", "{01FAAC57-9B36-4A15-B0F8-AE07B62B466A}"
EndProject
Global
	GlobalSection(SolutionConfigurationPlatforms) = preSolution
		Debug|Any CPU = Debug|Any CPU
		Release|Any CPU = Release|Any CPU
	EndGlobalSection
	GlobalSection(ProjectConfigurationPlatforms) = postSolution
		{6CB4D106-BBE9-4D0D-8470-9572DA105BB4}.Debug|Any CPU.ActiveCfg = Debug|Any CPU
		{6CB4D106-BBE9-4D0D-8470-9572DA105BB4}.Debug|Any CPU.Build.0 = Debug|Any CPU
		{6CB4D106-BBE9-4D0D-8470-9572DA105BB4}.Release|Any CPU.ActiveCfg = Release|Any CPU
		{6CB4D106-BBE9-4D0D-8470-9572DA105BB4}.Release|Any CPU.Build.0 = Release|Any CPU
		{8F0A72F0-13F1-4ECD-BF32-0FDD43C64CAB}.Debug|Any CPU.ActiveCfg = Debug|Any CPU
		{8F0A72F0-13F1-4ECD-BF32-0FDD43C64CAB}.Debug|Any CPU.Build.0 = Debug|Any CPU
		{8F0A72F0-13F1-4ECD-BF32-0FDD43C64CAB}.Release|Any CPU.ActiveCfg = Release|Any CPU
		{8F0A72F0-13F1-4ECD-BF32-0FDD43C64CAB}.Release|Any CPU.Build.0 = Release|Any CPU
		{1F549030-547B-4A8D-BC0A-57F1EE703C60}.Debug|Any CPU.ActiveCfg = Debug|Any CPU
		{1F549030-547B-4A8D-BC0A-57F1EE703C60}.Debug|Any CPU.Build.0 = Debug|Any CPU
		{1F549030-547B-4A8D-BC0A-57F1EE703C60}.Release|Any CPU.ActiveCfg = Release|Any CPU
		{1F549030-547B-4A8D-BC0A-57F1EE703C60}.Release|Any CPU.Build.0 = Release|Any CPU
		{01FAAC57-9B36-4A15-B0F8-AE07B62B466A}.Debug|Any CPU.ActiveCfg = Debug|Any CPU
		{01FAAC57-9B36-4A15-B0F8-AE07B62B466A}.Debug|Any CPU.Build.0 = Debug|Any CPU
		{01FAAC57-9B36-4A15-B0F8-AE07B62B466A}.Release|Any CPU.ActiveCfg = Release|Any CPU
		{01FAAC57-9B36-4A15-B0F8-AE07B62B466A}.Release|Any CPU.Build.0 = Release|Any CPU
	EndGlobalSection
	GlobalSection(SolutionProperties) = preSolution
		HideSolutionNode = FALSE
	EndGlobalSection
EndGlobal
